
Microsoft Visual Studio Solution File, Format Version 12.00
# Visual Studio 15
VisualStudioVersion = 15.0.28010.2019
MinimumVisualStudioVersion = 10.0.40219.1
Project("{FAE04EC0-301F-11D3-BF4B-00C04F79EFBC}") = "CharSheet", "CharSheet\CharSheet.csproj", "{BA2CCB8F-952C-4445-82A7-60F1E2061380}"
EndProject
Global
	GlobalSection(SolutionConfigurationPlatforms) = preSolution
		Debug|Any CPU = Debug|Any CPU
		Release|Any CPU = Release|Any CPU
	EndGlobalSection
	GlobalSection(ProjectConfigurationPlatforms) = postSolution
		{BA2CCB8F-952C-4445-82A7-60F1E2061380}.Debug|Any CPU.ActiveCfg = Debug|Any CPU
		{BA2CCB8F-952C-4445-82A7-60F1E2061380}.Debug|Any CPU.Build.0 = Debug|Any CPU
		{BA2CCB8F-952C-4445-82A7-60F1E2061380}.Release|Any CPU.ActiveCfg = Release|Any CPU
		{BA2CCB8F-952C-4445-82A7-60F1E2061380}.Release|Any CPU.Build.0 = Release|Any CPU
	EndGlobalSection
	GlobalSection(SolutionProperties) = preSolution
		HideSolutionNode = FALSE
	EndGlobalSection
	GlobalSection(ExtensibilityGlobals) = postSolution
		SolutionGuid = {DA3E52EC-F560-4631-A287-4E5AC9FCE64B}
	EndGlobalSection
EndGlobal
